
Microsoft Visual Studio Solution File, Format Version 12.00
# Visual Studio 15
VisualStudioVersion = 15.0.26730.3
MinimumVisualStudioVersion = 10.0.40219.1
Project("{9A19103F-16F7-4668-BE54-9A1E7A4F7556}") = "Aoc2017", "Aoc2017\Aoc2017.csproj", "{592C4C57-BE58-4EDC-ACDE-C2D6CF74720B}"
EndProject
Global
	GlobalSection(SolutionConfigurationPlatforms) = preSolution
		Debug|Any CPU = Debug|Any CPU
		Release|Any CPU = Release|Any CPU
	EndGlobalSection
	GlobalSection(ProjectConfigurationPlatforms) = postSolution
		{592C4C57-BE58-4EDC-ACDE-C2D6CF74720B}.Debug|Any CPU.ActiveCfg = Debug|Any CPU
		{592C4C57-BE58-4EDC-ACDE-C2D6CF74720B}.Debug|Any CPU.Build.0 = Debug|Any CPU
		{592C4C57-BE58-4EDC-ACDE-C2D6CF74720B}.Release|Any CPU.ActiveCfg = Release|Any CPU
		{592C4C57-BE58-4EDC-ACDE-C2D6CF74720B}.Release|Any CPU.Build.0 = Release|Any CPU
	EndGlobalSection
	GlobalSection(SolutionProperties) = preSolution
		HideSolutionNode = FALSE
	EndGlobalSection
	GlobalSection(ExtensibilityGlobals) = postSolution
		SolutionGuid = {B07DA6AA-DE61-4386-AD15-00C3AA3F0F18}
	EndGlobalSection
EndGlobal
